// !$*UTF8*$!
{
	archiveVersion = 1;
	classes = {
	};
	objectVersion = 55;
	objects = {

/* Begin PBXBuildFile section */
		BD267E942887673A00B8740F /* topicsViewController.swift in Sources */ = {isa = PBXBuildFile; fileRef = BD267E932887673A00B8740F /* topicsViewController.swift */; };
		BD562A5128886246007A0A04 /* manrope.ttf in Resources */ = {isa = PBXBuildFile; fileRef = BD562A5028886246007A0A04 /* manrope.ttf */; };
		BDBE6A3228872A500010C972 /* AppDelegate.swift in Sources */ = {isa = PBXBuildFile; fileRef = BDBE6A3128872A500010C972 /* AppDelegate.swift */; };
		BDBE6A3428872A500010C972 /* SceneDelegate.swift in Sources */ = {isa = PBXBuildFile; fileRef = BDBE6A3328872A500010C972 /* SceneDelegate.swift */; };
		BDBE6A3628872A500010C972 /* ViewController.swift in Sources */ = {isa = PBXBuildFile; fileRef = BDBE6A3528872A500010C972 /* ViewController.swift */; };
		BDBE6A3928872A500010C972 /* Main.storyboard in Resources */ = {isa = PBXBuildFile; fileRef = BDBE6A3728872A500010C972 /* Main.storyboard */; };
		BDBE6A3C28872A500010C972 /* factyl.xcdatamodeld in Sources */ = {isa = PBXBuildFile; fileRef = BDBE6A3A28872A500010C972 /* factyl.xcdatamodeld */; };
		BDBE6A3E28872A520010C972 /* Assets.xcassets in Resources */ = {isa = PBXBuildFile; fileRef = BDBE6A3D28872A520010C972 /* Assets.xcassets */; };
		BDBE6A4128872A520010C972 /* LaunchScreen.storyboard in Resources */ = {isa = PBXBuildFile; fileRef = BDBE6A3F28872A520010C972 /* LaunchScreen.storyboard */; };
/* End PBXBuildFile section */

/* Begin PBXFileReference section */
		BD267E932887673A00B8740F /* topicsViewController.swift */ = {isa = PBXFileReference; lastKnownFileType = sourcecode.swift; path = topicsViewController.swift; sourceTree = "<group>"; };
		BD562A5028886246007A0A04 /* manrope.ttf */ = {isa = PBXFileReference; lastKnownFileType = file; path = manrope.ttf; sourceTree = "<group>"; };
		BDBE6A2E28872A500010C972 /* factyl.app */ = {isa = PBXFileReference; explicitFileType = wrapper.application; includeInIndex = 0; path = factyl.app; sourceTree = BUILT_PRODUCTS_DIR; };
		BDBE6A3128872A500010C972 /* AppDelegate.swift */ = {isa = PBXFileReference; lastKnownFileType = sourcecode.swift; path = AppDelegate.swift; sourceTree = "<group>"; };
		BDBE6A3328872A500010C972 /* SceneDelegate.swift */ = {isa = PBXFileReference; lastKnownFileType = sourcecode.swift; path = SceneDelegate.swift; sourceTree = "<group>"; };
		BDBE6A3528872A500010C972 /* ViewController.swift */ = {isa = PBXFileReference; lastKnownFileType = sourcecode.swift; path = ViewController.swift; sourceTree = "<group>"; };
		BDBE6A3828872A500010C972 /* Base */ = {isa = PBXFileReference; lastKnownFileType = file.storyboard; name = Base; path = Base.lproj/Main.storyboard; sourceTree = "<group>"; };
		BDBE6A3B28872A500010C972 /* factyl.xcdatamodel */ = {isa = PBXFileReference; lastKnownFileType = wrapper.xcdatamodel; path = factyl.xcdatamodel; sourceTree = "<group>"; };
		BDBE6A3D28872A520010C972 /* Assets.xcassets */ = {isa = PBXFileReference; lastKnownFileType = folder.assetcatalog; path = Assets.xcassets; sourceTree = "<group>"; };
		BDBE6A4028872A520010C972 /* Base */ = {isa = PBXFileReference; lastKnownFileType = file.storyboard; name = Base; path = Base.lproj/LaunchScreen.storyboard; sourceTree = "<group>"; };
		BDBE6A4228872A520010C972 /* Info.plist */ = {isa = PBXFileReference; lastKnownFileType = text.plist.xml; path = Info.plist; sourceTree = "<group>"; };
/* End PBXFileReference section */

/* Begin PBXFrameworksBuildPhase section */
		BDBE6A2B28872A500010C972 /* Frameworks */ = {
			isa = PBXFrameworksBuildPhase;
			buildActionMask = 2147483647;
			files = (
			);
			runOnlyForDeploymentPostprocessing = 0;
		};
/* End PBXFrameworksBuildPhase section */

/* Begin PBXGroup section */
		BDBE6A2528872A500010C972 = {
			isa = PBXGroup;
			children = (
				BDBE6A3028872A500010C972 /* factyl */,
				BDBE6A2F28872A500010C972 /* Products */,
			);
			sourceTree = "<group>";
		};
		BDBE6A2F28872A500010C972 /* Products */ = {
			isa = PBXGroup;
			children = (
				BDBE6A2E28872A500010C972 /* factyl.app */,
			);
			name = Products;
			sourceTree = "<group>";
		};
		BDBE6A3028872A500010C972 /* factyl */ = {
			isa = PBXGroup;
			children = (
				BDBE6A3128872A500010C972 /* AppDelegate.swift */,
				BDBE6A3328872A500010C972 /* SceneDelegate.swift */,
				BDBE6A3528872A500010C972 /* ViewController.swift */,
				BDBE6A3728872A500010C972 /* Main.storyboard */,
				BD267E932887673A00B8740F /* topicsViewController.swift */,
				BDBE6A3D28872A520010C972 /* Assets.xcassets */,
				BD562A5028886246007A0A04 /* manrope.ttf */,
				BDBE6A3F28872A520010C972 /* LaunchScreen.storyboard */,
				BDBE6A4228872A520010C972 /* Info.plist */,
				BDBE6A3A28872A500010C972 /* factyl.xcdatamodeld */,
			);
			path = factyl;
			sourceTree = "<group>";
		};
/* End PBXGroup section */

/* Begin PBXNativeTarget section */
		BDBE6A2D28872A500010C972 /* factyl */ = {
			isa = PBXNativeTarget;
			buildConfigurationList = BDBE6A4528872A520010C972 /* Build configuration list for PBXNativeTarget "factyl" */;
			buildPhases = (
				BDBE6A2A28872A500010C972 /* Sources */,
				BDBE6A2B28872A500010C972 /* Frameworks */,
				BDBE6A2C28872A500010C972 /* Resources */,
			);
			buildRules = (
			);
			dependencies = (
			);
			name = factyl;
			productName = factyl;
			productReference = BDBE6A2E28872A500010C972 /* factyl.app */;
			productType = "com.apple.product-type.application";
		};
/* End PBXNativeTarget section */

/* Begin PBXProject section */
		BDBE6A2628872A500010C972 /* Project object */ = {
			isa = PBXProject;
			attributes = {
				BuildIndependentTargetsInParallel = 1;
				LastSwiftUpdateCheck = 1340;
				LastUpgradeCheck = 1340;
				TargetAttributes = {
					BDBE6A2D28872A500010C972 = {
						CreatedOnToolsVersion = 13.4.1;
					};
				};
			};
			buildConfigurationList = BDBE6A2928872A500010C972 /* Build configuration list for PBXProject "factyl" */;
			compatibilityVersion = "Xcode 13.0";
			developmentRegion = en;
			hasScannedForEncodings = 0;
			knownRegions = (
				en,
				Base,
			);
			mainGroup = BDBE6A2528872A500010C972;
			productRefGroup = BDBE6A2F28872A500010C972 /* Products */;
			projectDirPath = "";
			projectRoot = "";
			targets = (
				BDBE6A2D28872A500010C972 /* factyl */,
			);
		};
/* End PBXProject section */

/* Begin PBXResourcesBuildPhase section */
		BDBE6A2C28872A500010C972 /* Resources */ = {
			isa = PBXResourcesBuildPhase;
			buildActionMask = 2147483647;
			files = (
				BDBE6A4128872A520010C972 /* LaunchScreen.storyboard in Resources */,
				BDBE6A3E28872A520010C972 /* Assets.xcassets in Resources */,
				BD562A5128886246007A0A04 /* manrope.ttf in Resources */,
				BDBE6A3928872A500010C972 /* Main.storyboard in Resources */,
			);
			runOnlyForDeploymentPostprocessing = 0;
		};
/* End PBXResourcesBuildPhase section */

/* Begin PBXSourcesBuildPhase section */
		BDBE6A2A28872A500010C972 /* Sources */ = {
			isa = PBXSourcesBuildPhase;
			buildActionMask = 2147483647;
			files = (
				BDBE6A3628872A500010C972 /* ViewController.swift in Sources */,
				BDBE6A3228872A500010C972 /* AppDelegate.swift in Sources */,
				BDBE6A3C28872A500010C972 /* factyl.xcdatamodeld in Sources */,
				BDBE6A3428872A500010C972 /* SceneDelegate.swift in Sources */,
				BD267E942887673A00B8740F /* topicsViewController.swift in Sources */,
			);
			runOnlyForDeploymentPostprocessing = 0;
		};
/* End PBXSourcesBuildPhase section */

/* Begin PBXVariantGroup section */
		BDBE6A3728872A500010C972 /* Main.storyboard */ = {
			isa = PBXVariantGroup;
			children = (
				BDBE6A3828872A500010C972 /* Base */,
			);
			name = Main.storyboard;
			sourceTree = "<group>";
		};
		BDBE6A3F28872A520010C972 /* LaunchScreen.storyboard */ = {
			isa = PBXVariantGroup;
			children = (
				BDBE6A4028872A520010C972 /* Base */,
			);
			name = LaunchScreen.storyboard;
			sourceTree = "<group>";
		};
/* End PBXVariantGroup section */

/* Begin XCBuildConfiguration section */
		BDBE6A4328872A520010C972 /* Debug */ = {
			isa = XCBuildConfiguration;
			buildSettings = {
				ALWAYS_SEARCH_USER_PATHS = NO;
				CLANG_ANALYZER_NONNULL = YES;
				CLANG_ANALYZER_NUMBER_OBJECT_CONVERSION = YES_AGGRESSIVE;
				CLANG_CXX_LANGUAGE_STANDARD = "gnu++17";
				CLANG_ENABLE_MODULES = YES;
				CLANG_ENABLE_OBJC_ARC = YES;
				CLANG_ENABLE_OBJC_WEAK = YES;
				CLANG_WARN_BLOCK_CAPTURE_AUTORELEASING = YES;
				CLANG_WARN_BOOL_CONVERSION = YES;
				CLANG_WARN_COMMA = YES;
				CLANG_WARN_CONSTANT_CONVERSION = YES;
				CLANG_WARN_DEPRECATED_OBJC_IMPLEMENTATIONS = YES;
				CLANG_WARN_DIRECT_OBJC_ISA_USAGE = YES_ERROR;
				CLANG_WARN_DOCUMENTATION_COMMENTS = YES;
				CLANG_WARN_EMPTY_BODY = YES;
				CLANG_WARN_ENUM_CONVERSION = YES;
				CLANG_WARN_INFINITE_RECURSION = YES;
				CLANG_WARN_INT_CONVERSION = YES;
				CLANG_WARN_NON_LITERAL_NULL_CONVERSION = YES;
				CLANG_WARN_OBJC_IMPLICIT_RETAIN_SELF = YES;
				CLANG_WARN_OBJC_LITERAL_CONVERSION = YES;
				CLANG_WARN_OBJC_ROOT_CLASS = YES_ERROR;
				CLANG_WARN_QUOTED_INCLUDE_IN_FRAMEWORK_HEADER = YES;
				CLANG_WARN_RANGE_LOOP_ANALYSIS = YES;
				CLANG_WARN_STRICT_PROTOTYPES = YES;
				CLANG_WARN_SUSPICIOUS_MOVE = YES;
				CLANG_WARN_UNGUARDED_AVAILABILITY = YES_AGGRESSIVE;
				CLANG_WARN_UNREACHABLE_CODE = YES;
				CLANG_WARN__DUPLICATE_METHOD_MATCH = YES;
				COPY_PHASE_STRIP = NO;
				DEBUG_INFORMATION_FORMAT = dwarf;
				ENABLE_STRICT_OBJC_MSGSEND = YES;
				ENABLE_TESTABILITY = YES;
				GCC_C_LANGUAGE_STANDARD = gnu11;
				GCC_DYNAMIC_NO_PIC = NO;
				GCC_NO_COMMON_BLOCKS = YES;
				GCC_OPTIMIZATION_LEVEL = 0;
				GCC_PREPROCESSOR_DEFINITIONS = (
					"DEBUG=1",
					"$(inherited)",
				);
				GCC_WARN_64_TO_32_BIT_CONVERSION = YES;
				GCC_WARN_ABOUT_RETURN_TYPE = YES_ERROR;
				GCC_WARN_UNDECLARED_SELECTOR = YES;
				GCC_WARN_UNINITIALIZED_AUTOS = YES_AGGRESSIVE;
				GCC_WARN_UNUSED_FUNCTION = YES;
				GCC_WARN_UNUSED_VARIABLE = YES;
				IPHONEOS_DEPLOYMENT_TARGET = 15.5;
				MTL_ENABLE_DEBUG_INFO = INCLUDE_SOURCE;
				MTL_FAST_MATH = YES;
				ONLY_ACTIVE_ARCH = YES;
				SDKROOT = iphoneos;
				SWIFT_ACTIVE_COMPILATION_CONDITIONS = DEBUG;
				SWIFT_OPTIMIZATION_LEVEL = "-Onone";
			};
			name = Debug;
		};
		BDBE6A4428872A520010C972 /* Release */ = {
			isa = XCBuildConfiguration;
			buildSettings = {
				ALWAYS_SEARCH_USER_PATHS = NO;
				CLANG_ANALYZER_NONNULL = YES;
				CLANG_ANALYZER_NUMBER_OBJECT_CONVERSION = YES_AGGRESSIVE;
				CLANG_CXX_LANGUAGE_STANDARD = "gnu++17";
				CLANG_ENABLE_MODULES = YES;
				CLANG_ENABLE_OBJC_ARC = YES;
				CLANG_ENABLE_OBJC_WEAK = YES;
				CLANG_WARN_BLOCK_CAPTURE_AUTORELEASING = YES;
				CLANG_WARN_BOOL_CONVERSION = YES;
				CLANG_WARN_COMMA = YES;
				CLANG_WARN_CONSTANT_CONVERSION = YES;
				CLANG_WARN_DEPRECATED_OBJC_IMPLEMENTATIONS = YES;
				CLANG_WARN_DIRECT_OBJC_ISA_USAGE = YES_ERROR;
				CLANG_WARN_DOCUMENTATION_COMMENTS = YES;
				CLANG_WARN_EMPTY_BODY = YES;
				CLANG_WARN_ENUM_CONVERSION = YES;
				CLANG_WARN_INFINITE_RECURSION = YES;
				CLANG_WARN_INT_CONVERSION = YES;
				CLANG_WARN_NON_LITERAL_NULL_CONVERSION = YES;
				CLANG_WARN_OBJC_IMPLICIT_RETAIN_SELF = YES;
				CLANG_WARN_OBJC_LITERAL_CONVERSION = YES;
				CLANG_WARN_OBJC_ROOT_CLASS = YES_ERROR;
				CLANG_WARN_QUOTED_INCLUDE_IN_FRAMEWORK_HEADER = YES;
				CLANG_WARN_RANGE_LOOP_ANALYSIS = YES;
				CLANG_WARN_STRICT_PROTOTYPES = YES;
				CLANG_WARN_SUSPICIOUS_MOVE = YES;
				CLANG_WARN_UNGUARDED_AVAILABILITY = YES_AGGRESSIVE;
				CLANG_WARN_UNREACHABLE_CODE = YES;
				CLANG_WARN__DUPLICATE_METHOD_MATCH = YES;
				COPY_PHASE_STRIP = NO;
				DEBUG_INFORMATION_FORMAT = "dwarf-with-dsym";
				ENABLE_NS_ASSERTIONS = NO;
				ENABLE_STRICT_OBJC_MSGSEND = YES;
				GCC_C_LANGUAGE_STANDARD = gnu11;
				GCC_NO_COMMON_BLOCKS = YES;
				GCC_WARN_64_TO_32_BIT_CONVERSION = YES;
				GCC_WARN_ABOUT_RETURN_TYPE = YES_ERROR;
				GCC_WARN_UNDECLARED_SELECTOR = YES;
				GCC_WARN_UNINITIALIZED_AUTOS = YES_AGGRESSIVE;
				GCC_WARN_UNUSED_FUNCTION = YES;
				GCC_WARN_UNUSED_VARIABLE = YES;
				IPHONEOS_DEPLOYMENT_TARGET = 15.5;
				MTL_ENABLE_DEBUG_INFO = NO;
				MTL_FAST_MATH = YES;
				SDKROOT = iphoneos;
				SWIFT_COMPILATION_MODE = wholemodule;
				SWIFT_OPTIMIZATION_LEVEL = "-O";
				VALIDATE_PRODUCT = YES;
			};
			name = Release;
		};
		BDBE6A4628872A520010C972 /* Debug */ = {
			isa = XCBuildConfiguration;
			buildSettings = {
				ASSETCATALOG_COMPILER_APPICON_NAME = AppIcon;
				ASSETCATALOG_COMPILER_GLOBAL_ACCENT_COLOR_NAME = AccentColor;
				CODE_SIGN_STYLE = Automatic;
				CURRENT_PROJECT_VERSION = 1;
				GENERATE_INFOPLIST_FILE = YES;
				INFOPLIST_FILE = factyl/Info.plist;
				INFOPLIST_KEY_UIApplicationSupportsIndirectInputEvents = YES;
				INFOPLIST_KEY_UILaunchStoryboardName = LaunchScreen;
				INFOPLIST_KEY_UIMainStoryboardFile = Main;
				INFOPLIST_KEY_UISupportedInterfaceOrientations_iPad = "UIInterfaceOrientationPortrait UIInterfaceOrientationPortraitUpsideDown UIInterfaceOrientationLandscapeLeft UIInterfaceOrientationLandscapeRight";
				INFOPLIST_KEY_UISupportedInterfaceOrientations_iPhone = "UIInterfaceOrientationPortrait UIInterfaceOrientationLandscapeLeft UIInterfaceOrientationLandscapeRight";
				LD_RUNPATH_SEARCH_PATHS = (
					"$(inherited)",
					"@executable_path/Frameworks",
				);
				MARKETING_VERSION = 1.0;
				PRODUCT_BUNDLE_IDENTIFIER = anika.factyl;
				PRODUCT_NAME = "$(TARGET_NAME)";
				SWIFT_EMIT_LOC_STRINGS = YES;
				SWIFT_VERSION = 5.0;
				TARGETED_DEVICE_FAMILY = "1,2";
			};
			name = Debug;
		};
		BDBE6A4728872A520010C972 /* Release */ = {
			isa = XCBuildConfiguration;
			buildSettings = {
				ASSETCATALOG_COMPILER_APPICON_NAME = AppIcon;
				ASSETCATALOG_COMPILER_GLOBAL_ACCENT_COLOR_NAME = AccentColor;
				CODE_SIGN_STYLE = Automatic;
				CURRENT_PROJECT_VERSION = 1;
				GENERATE_INFOPLIST_FILE = YES;
				INFOPLIST_FILE = factyl/Info.plist;
				INFOPLIST_KEY_UIApplicationSupportsIndirectInputEvents = YES;
				INFOPLIST_KEY_UILaunchStoryboardName = LaunchScreen;
				INFOPLIST_KEY_UIMainStoryboardFile = Main;
				INFOPLIST_KEY_UISupportedInterfaceOrientations_iPad = "UIInterfaceOrientationPortrait UIInterfaceOrientationPortraitUpsideDown UIInterfaceOrientationLandscapeLeft UIInterfaceOrientationLandscapeRight";
				INFOPLIST_KEY_UISupportedInterfaceOrientations_iPhone = "UIInterfaceOrientationPortrait UIInterfaceOrientationLandscapeLeft UIInterfaceOrientationLandscapeRight";
				LD_RUNPATH_SEARCH_PATHS = (
					"$(inherited)",
					"@executable_path/Frameworks",
				);
				MARKETING_VERSION = 1.0;
				PRODUCT_BUNDLE_IDENTIFIER = anika.factyl;
				PRODUCT_NAME = "$(TARGET_NAME)";
				SWIFT_EMIT_LOC_STRINGS = YES;
				SWIFT_VERSION = 5.0;
				TARGETED_DEVICE_FAMILY = "1,2";
			};
			name = Release;
		};
/* End XCBuildConfiguration section */

/* Begin XCConfigurationList section */
		BDBE6A2928872A500010C972 /* Build configuration list for PBXProject "factyl" */ = {
			isa = XCConfigurationList;
			buildConfigurations = (
				BDBE6A4328872A520010C972 /* Debug */,
				BDBE6A4428872A520010C972 /* Release */,
			);
			defaultConfigurationIsVisible = 0;
			defaultConfigurationName = Release;
		};
		BDBE6A4528872A520010C972 /* Build configuration list for PBXNativeTarget "factyl" */ = {
			isa = XCConfigurationList;
			buildConfigurations = (
				BDBE6A4628872A520010C972 /* Debug */,
				BDBE6A4728872A520010C972 /* Release */,
			);
			defaultConfigurationIsVisible = 0;
			defaultConfigurationName = Release;
		};
/* End XCConfigurationList section */

/* Begin XCVersionGroup section */
		BDBE6A3A28872A500010C972 /* factyl.xcdatamodeld */ = {
			isa = XCVersionGroup;
			children = (
				BDBE6A3B28872A500010C972 /* factyl.xcdatamodel */,
			);
			currentVersion = BDBE6A3B28872A500010C972 /* factyl.xcdatamodel */;
			path = factyl.xcdatamodeld;
			sourceTree = "<group>";
			versionGroupType = wrapper.xcdatamodel;
		};
/* End XCVersionGroup section */
	};
	rootObject = BDBE6A2628872A500010C972 /* Project object */;
}
